
Microsoft Visual Studio Solution File, Format Version 12.00
# Visual Studio Version 17
VisualStudioVersion = 17.13.35931.197
MinimumVisualStudioVersion = 10.0.40219.1
Project("{FAE04EC0-301F-11D3-BF4B-00C04F79EFBC}") = "Restaurant", "Restaurant\Restaurant.csproj", "{669C0E61-831F-43E3-8DCC-2973235110CA}"
EndProject
Project("{FAE04EC0-301F-11D3-BF4B-00C04F79EFBC}") = "Restaurant.Domain", "Restaurant.Domain\Restaurant.Domain.csproj", "{E23A119D-34C4-4926-8DB1-81E612129EDB}"
EndProject
Project("{FAE04EC0-301F-11D3-BF4B-00C04F79EFBC}") = "Restaurant.Data", "Restaurant.Data\Restaurant.Data.csproj", "{C68D8A6B-892C-4637-8C03-6CF7860789A6}"
EndProject
Project("{FAE04EC0-301F-11D3-BF4B-00C04F79EFBC}") = "Restaurant.Web", "Restaurant.Web\Restaurant.Web.csproj", "{7F7CBB96-39E8-46C5-9AAD-0BAFC9F95D52}"
EndProject
Global
	GlobalSection(SolutionConfigurationPlatforms) = preSolution
		Debug|Any CPU = Debug|Any CPU
		Release|Any CPU = Release|Any CPU
	EndGlobalSection
	GlobalSection(ProjectConfigurationPlatforms) = postSolution
		{669C0E61-831F-43E3-8DCC-2973235110CA}.Debug|Any CPU.ActiveCfg = Debug|Any CPU
		{669C0E61-831F-43E3-8DCC-2973235110CA}.Debug|Any CPU.Build.0 = Debug|Any CPU
		{669C0E61-831F-43E3-8DCC-2973235110CA}.Release|Any CPU.ActiveCfg = Release|Any CPU
		{669C0E61-831F-43E3-8DCC-2973235110CA}.Release|Any CPU.Build.0 = Release|Any CPU
		{E23A119D-34C4-4926-8DB1-81E612129EDB}.Debug|Any CPU.ActiveCfg = Debug|Any CPU
		{E23A119D-34C4-4926-8DB1-81E612129EDB}.Debug|Any CPU.Build.0 = Debug|Any CPU
		{E23A119D-34C4-4926-8DB1-81E612129EDB}.Release|Any CPU.ActiveCfg = Release|Any CPU
		{E23A119D-34C4-4926-8DB1-81E612129EDB}.Release|Any CPU.Build.0 = Release|Any CPU
		{C68D8A6B-892C-4637-8C03-6CF7860789A6}.Debug|Any CPU.ActiveCfg = Debug|Any CPU
		{C68D8A6B-892C-4637-8C03-6CF7860789A6}.Debug|Any CPU.Build.0 = Debug|Any CPU
		{C68D8A6B-892C-4637-8C03-6CF7860789A6}.Release|Any CPU.ActiveCfg = Release|Any CPU
		{C68D8A6B-892C-4637-8C03-6CF7860789A6}.Release|Any CPU.Build.0 = Release|Any CPU
		{7F7CBB96-39E8-46C5-9AAD-0BAFC9F95D52}.Debug|Any CPU.ActiveCfg = Debug|Any CPU
		{7F7CBB96-39E8-46C5-9AAD-0BAFC9F95D52}.Debug|Any CPU.Build.0 = Debug|Any CPU
		{7F7CBB96-39E8-46C5-9AAD-0BAFC9F95D52}.Release|Any CPU.ActiveCfg = Release|Any CPU
		{7F7CBB96-39E8-46C5-9AAD-0BAFC9F95D52}.Release|Any CPU.Build.0 = Release|Any CPU
	EndGlobalSection
	GlobalSection(SolutionProperties) = preSolution
		HideSolutionNode = FALSE
	EndGlobalSection
	GlobalSection(ExtensibilityGlobals) = postSolution
		SolutionGuid = {446BD878-8E14-4B43-B1C7-59BF1826D3EA}
	EndGlobalSection
EndGlobal
